// !$*UTF8*$!
{
	archiveVersion = 1;
	classes = {
	};
	objectVersion = 77;
	objects = {

/* Begin PBXBuildFile section */
		A053D0422E662787004E371B /* WidgetKit.framework in Frameworks */ = {isa = PBXBuildFile; fileRef = A053D0412E662787004E371B /* WidgetKit.framework */; };
		A053D0442E662787004E371B /* SwiftUI.framework in Frameworks */ = {isa = PBXBuildFile; fileRef = A053D0432E662787004E371B /* SwiftUI.framework */; };
		A053D04F2E662789004E371B /* RandomShabadWidgetExtension.appex in Embed Foundation Extensions */ = {isa = PBXBuildFile; fileRef = A053D03F2E662787004E371B /* RandomShabadWidgetExtension.appex */; settings = {ATTRIBUTES = (RemoveHeadersOnCopy, ); }; };
		A053D0642E6654FF004E371B /* WidgetKit.framework in Frameworks */ = {isa = PBXBuildFile; fileRef = A053D0412E662787004E371B /* WidgetKit.framework */; };
		A053D0652E6654FF004E371B /* SwiftUI.framework in Frameworks */ = {isa = PBXBuildFile; fileRef = A053D0432E662787004E371B /* SwiftUI.framework */; };
		A053D0702E665500004E371B /* HukamnamaWidgetExtension.appex in Embed Foundation Extensions */ = {isa = PBXBuildFile; fileRef = A053D0632E6654FF004E371B /* HukamnamaWidgetExtension.appex */; settings = {ATTRIBUTES = (RemoveHeadersOnCopy, ); }; };
		A053D0842E665D2E004E371B /* WidgetViews.swift in Sources */ = {isa = PBXBuildFile; fileRef = A053D0832E665D2E004E371B /* WidgetViews.swift */; };
		A053D0852E665D2E004E371B /* WidgetViews.swift in Sources */ = {isa = PBXBuildFile; fileRef = A053D0832E665D2E004E371B /* WidgetViews.swift */; };
		A053D0862E665D2E004E371B /* WidgetViews.swift in Sources */ = {isa = PBXBuildFile; fileRef = A053D0832E665D2E004E371B /* WidgetViews.swift */; };
		A053D08F2E666D47004E371B /* WidgetKit.framework in Frameworks */ = {isa = PBXBuildFile; fileRef = A053D0412E662787004E371B /* WidgetKit.framework */; };
		A053D0902E666D47004E371B /* SwiftUI.framework in Frameworks */ = {isa = PBXBuildFile; fileRef = A053D0432E662787004E371B /* SwiftUI.framework */; };
		A053D09B2E666D48004E371B /* FavShabadsWidgetExtension.appex in Embed Foundation Extensions */ = {isa = PBXBuildFile; fileRef = A053D08E2E666D47004E371B /* FavShabadsWidgetExtension.appex */; settings = {ATTRIBUTES = (RemoveHeadersOnCopy, ); }; };
		A053D0A02E666DDD004E371B /* WidgetViews.swift in Sources */ = {isa = PBXBuildFile; fileRef = A053D0832E665D2E004E371B /* WidgetViews.swift */; };
/* End PBXBuildFile section */

/* Begin PBXContainerItemProxy section */
		A053D00D2E6626C0004E371B /* PBXContainerItemProxy */ = {
			isa = PBXContainerItemProxy;
			containerPortal = A053CFF42E6626BF004E371B /* Project object */;
			proxyType = 1;
			remoteGlobalIDString = A053CFFB2E6626BF004E371B;
			remoteInfo = Chet;
		};
		A053D0172E6626C0004E371B /* PBXContainerItemProxy */ = {
			isa = PBXContainerItemProxy;
			containerPortal = A053CFF42E6626BF004E371B /* Project object */;
			proxyType = 1;
			remoteGlobalIDString = A053CFFB2E6626BF004E371B;
			remoteInfo = Chet;
		};
		A053D04D2E662789004E371B /* PBXContainerItemProxy */ = {
			isa = PBXContainerItemProxy;
			containerPortal = A053CFF42E6626BF004E371B /* Project object */;
			proxyType = 1;
			remoteGlobalIDString = A053D03E2E662787004E371B;
			remoteInfo = RandomShabadWidgetExtension;
		};
		A053D06E2E665500004E371B /* PBXContainerItemProxy */ = {
			isa = PBXContainerItemProxy;
			containerPortal = A053CFF42E6626BF004E371B /* Project object */;
			proxyType = 1;
			remoteGlobalIDString = A053D0622E6654FF004E371B;
			remoteInfo = HukamnamaWidgetExtension;
		};
		A053D0992E666D48004E371B /* PBXContainerItemProxy */ = {
			isa = PBXContainerItemProxy;
			containerPortal = A053CFF42E6626BF004E371B /* Project object */;
			proxyType = 1;
			remoteGlobalIDString = A053D08D2E666D47004E371B;
			remoteInfo = FavShabadsWidgetExtension;
		};
/* End PBXContainerItemProxy section */

/* Begin PBXCopyFilesBuildPhase section */
		A053D0542E662789004E371B /* Embed Foundation Extensions */ = {
			isa = PBXCopyFilesBuildPhase;
			buildActionMask = 2147483647;
			dstPath = "";
			dstSubfolderSpec = 13;
			files = (
				A053D0702E665500004E371B /* HukamnamaWidgetExtension.appex in Embed Foundation Extensions */,
				A053D04F2E662789004E371B /* RandomShabadWidgetExtension.appex in Embed Foundation Extensions */,
				A053D09B2E666D48004E371B /* FavShabadsWidgetExtension.appex in Embed Foundation Extensions */,
			);
			name = "Embed Foundation Extensions";
			runOnlyForDeploymentPostprocessing = 0;
		};
/* End PBXCopyFilesBuildPhase section */

/* Begin PBXFileReference section */
		A053CFFC2E6626BF004E371B /* Chet.app */ = {isa = PBXFileReference; explicitFileType = wrapper.application; includeInIndex = 0; path = Chet.app; sourceTree = BUILT_PRODUCTS_DIR; };
		A053D00C2E6626C0004E371B /* ChetTests.xctest */ = {isa = PBXFileReference; explicitFileType = wrapper.cfbundle; includeInIndex = 0; path = ChetTests.xctest; sourceTree = BUILT_PRODUCTS_DIR; };
		A053D0162E6626C0004E371B /* ChetUITests.xctest */ = {isa = PBXFileReference; explicitFileType = wrapper.cfbundle; includeInIndex = 0; path = ChetUITests.xctest; sourceTree = BUILT_PRODUCTS_DIR; };
		A053D03F2E662787004E371B /* RandomShabadWidgetExtension.appex */ = {isa = PBXFileReference; explicitFileType = "wrapper.app-extension"; includeInIndex = 0; path = RandomShabadWidgetExtension.appex; sourceTree = BUILT_PRODUCTS_DIR; };
		A053D0412E662787004E371B /* WidgetKit.framework */ = {isa = PBXFileReference; lastKnownFileType = wrapper.framework; name = WidgetKit.framework; path = System/Library/Frameworks/WidgetKit.framework; sourceTree = SDKROOT; };
		A053D0432E662787004E371B /* SwiftUI.framework */ = {isa = PBXFileReference; lastKnownFileType = wrapper.framework; name = SwiftUI.framework; path = System/Library/Frameworks/SwiftUI.framework; sourceTree = SDKROOT; };
		A053D0632E6654FF004E371B /* HukamnamaWidgetExtension.appex */ = {isa = PBXFileReference; explicitFileType = "wrapper.app-extension"; includeInIndex = 0; path = HukamnamaWidgetExtension.appex; sourceTree = BUILT_PRODUCTS_DIR; };
		A053D0832E665D2E004E371B /* WidgetViews.swift */ = {isa = PBXFileReference; lastKnownFileType = sourcecode.swift; path = WidgetViews.swift; sourceTree = "<group>"; };
		A053D08E2E666D47004E371B /* FavShabadsWidgetExtension.appex */ = {isa = PBXFileReference; explicitFileType = "wrapper.app-extension"; includeInIndex = 0; path = FavShabadsWidgetExtension.appex; sourceTree = BUILT_PRODUCTS_DIR; };
		A053D0DD2E668FF8004E371B /* FavShabadsWidgetExtension.entitlements */ = {isa = PBXFileReference; lastKnownFileType = text.plist.entitlements; path = FavShabadsWidgetExtension.entitlements; sourceTree = "<group>"; };
		A0636BF92E770A50005955C2 /* RandomShabadWidgetExtension.entitlements */ = {isa = PBXFileReference; lastKnownFileType = text.plist.entitlements; path = RandomShabadWidgetExtension.entitlements; sourceTree = "<group>"; };
/* End PBXFileReference section */

/* Begin PBXFileSystemSynchronizedBuildFileExceptionSet section */
		A053D0502E662789004E371B /* Exceptions for "RandomShabadWidget" folder in "RandomShabadWidgetExtension" target */ = {
			isa = PBXFileSystemSynchronizedBuildFileExceptionSet;
			membershipExceptions = (
				Info.plist,
			);
			target = A053D03E2E662787004E371B /* RandomShabadWidgetExtension */;
		};
		A053D0712E665500004E371B /* Exceptions for "HukamnamaWidget" folder in "HukamnamaWidgetExtension" target */ = {
			isa = PBXFileSystemSynchronizedBuildFileExceptionSet;
			membershipExceptions = (
				Info.plist,
			);
			target = A053D0622E6654FF004E371B /* HukamnamaWidgetExtension */;
		};
		A053D09C2E666D48004E371B /* Exceptions for "FavShabadsWidget" folder in "FavShabadsWidgetExtension" target */ = {
			isa = PBXFileSystemSynchronizedBuildFileExceptionSet;
			membershipExceptions = (
				Info.plist,
			);
			target = A053D08D2E666D47004E371B /* FavShabadsWidgetExtension */;
		};
		A053D0A52E666EA5004E371B /* Exceptions for "Chet" folder in "FavShabadsWidgetExtension" target */ = {
			isa = PBXFileSystemSynchronizedBuildFileExceptionSet;
			membershipExceptions = (
				helpers/helper_funcs.swift,
				helpers/sample_data/random_sbd.json,
				Models.swift,
			);
			target = A053D08D2E666D47004E371B /* FavShabadsWidgetExtension */;
		};
		A053D0E22E679C24004E371B /* Exceptions for "Chet" folder in "RandomShabadWidgetExtension" target */ = {
			isa = PBXFileSystemSynchronizedBuildFileExceptionSet;
			membershipExceptions = (
				helpers/helper_funcs.swift,
				helpers/sample_data/random_sbd.json,
				Models.swift,
			);
			target = A053D03E2E662787004E371B /* RandomShabadWidgetExtension */;
		};
		A053D0E32E679C24004E371B /* Exceptions for "Chet" folder in "HukamnamaWidgetExtension" target */ = {
			isa = PBXFileSystemSynchronizedBuildFileExceptionSet;
			membershipExceptions = (
				helpers/helper_funcs.swift,
				helpers/sample_data/hukam.json,
				Models.swift,
			);
			target = A053D0622E6654FF004E371B /* HukamnamaWidgetExtension */;
		};
		A0636BF62E74C85F005955C2 /* Exceptions for "Chet" folder in "Chet" target */ = {
			isa = PBXFileSystemSynchronizedBuildFileExceptionSet;
			membershipExceptions = (
				Info.plist,
			);
			target = A053CFFB2E6626BF004E371B /* Chet */;
		};
/* End PBXFileSystemSynchronizedBuildFileExceptionSet section */

/* Begin PBXFileSystemSynchronizedRootGroup section */
		A053CFFE2E6626BF004E371B /* Chet */ = {
			isa = PBXFileSystemSynchronizedRootGroup;
			exceptions = (
				A0636BF62E74C85F005955C2 /* Exceptions for "Chet" folder in "Chet" target */,
				A053D0E22E679C24004E371B /* Exceptions for "Chet" folder in "RandomShabadWidgetExtension" target */,
				A053D0E32E679C24004E371B /* Exceptions for "Chet" folder in "HukamnamaWidgetExtension" target */,
				A053D0A52E666EA5004E371B /* Exceptions for "Chet" folder in "FavShabadsWidgetExtension" target */,
			);
			path = Chet;
			sourceTree = "<group>";
		};
		A053D00F2E6626C0004E371B /* ChetTests */ = {
			isa = PBXFileSystemSynchronizedRootGroup;
			path = ChetTests;
			sourceTree = "<group>";
		};
		A053D0192E6626C0004E371B /* ChetUITests */ = {
			isa = PBXFileSystemSynchronizedRootGroup;
			path = ChetUITests;
			sourceTree = "<group>";
		};
		A053D0452E662787004E371B /* RandomShabadWidget */ = {
			isa = PBXFileSystemSynchronizedRootGroup;
			exceptions = (
				A053D0502E662789004E371B /* Exceptions for "RandomShabadWidget" folder in "RandomShabadWidgetExtension" target */,
			);
			path = RandomShabadWidget;
			sourceTree = "<group>";
		};
		A053D0662E6654FF004E371B /* HukamnamaWidget */ = {
			isa = PBXFileSystemSynchronizedRootGroup;
			exceptions = (
				A053D0712E665500004E371B /* Exceptions for "HukamnamaWidget" folder in "HukamnamaWidgetExtension" target */,
			);
			path = HukamnamaWidget;
			sourceTree = "<group>";
		};
		A053D0912E666D47004E371B /* FavShabadsWidget */ = {
			isa = PBXFileSystemSynchronizedRootGroup;
			exceptions = (
				A053D09C2E666D48004E371B /* Exceptions for "FavShabadsWidget" folder in "FavShabadsWidgetExtension" target */,
			);
			path = FavShabadsWidget;
			sourceTree = "<group>";
		};
		A053D18B2E7491CF004E371B /* Fonts */ = {
			isa = PBXFileSystemSynchronizedRootGroup;
			path = Fonts;
			sourceTree = "<group>";
		};
/* End PBXFileSystemSynchronizedRootGroup section */

/* Begin PBXFrameworksBuildPhase section */
		A053CFF92E6626BF004E371B /* Frameworks */ = {
			isa = PBXFrameworksBuildPhase;
			buildActionMask = 2147483647;
			files = (
			);
			runOnlyForDeploymentPostprocessing = 0;
		};
		A053D0092E6626C0004E371B /* Frameworks */ = {
			isa = PBXFrameworksBuildPhase;
			buildActionMask = 2147483647;
			files = (
			);
			runOnlyForDeploymentPostprocessing = 0;
		};
		A053D0132E6626C0004E371B /* Frameworks */ = {
			isa = PBXFrameworksBuildPhase;
			buildActionMask = 2147483647;
			files = (
			);
			runOnlyForDeploymentPostprocessing = 0;
		};
		A053D03C2E662787004E371B /* Frameworks */ = {
			isa = PBXFrameworksBuildPhase;
			buildActionMask = 2147483647;
			files = (
				A053D0442E662787004E371B /* SwiftUI.framework in Frameworks */,
				A053D0422E662787004E371B /* WidgetKit.framework in Frameworks */,
			);
			runOnlyForDeploymentPostprocessing = 0;
		};
		A053D0602E6654FF004E371B /* Frameworks */ = {
			isa = PBXFrameworksBuildPhase;
			buildActionMask = 2147483647;
			files = (
				A053D0652E6654FF004E371B /* SwiftUI.framework in Frameworks */,
				A053D0642E6654FF004E371B /* WidgetKit.framework in Frameworks */,
			);
			runOnlyForDeploymentPostprocessing = 0;
		};
		A053D08B2E666D47004E371B /* Frameworks */ = {
			isa = PBXFrameworksBuildPhase;
			buildActionMask = 2147483647;
			files = (
				A053D0902E666D47004E371B /* SwiftUI.framework in Frameworks */,
				A053D08F2E666D47004E371B /* WidgetKit.framework in Frameworks */,
			);
			runOnlyForDeploymentPostprocessing = 0;
		};
/* End PBXFrameworksBuildPhase section */

/* Begin PBXGroup section */
		A053CFF32E6626BF004E371B = {
			isa = PBXGroup;
			children = (
				A0636BF92E770A50005955C2 /* RandomShabadWidgetExtension.entitlements */,
				A053D18B2E7491CF004E371B /* Fonts */,
				A053D0DD2E668FF8004E371B /* FavShabadsWidgetExtension.entitlements */,
				A053D0832E665D2E004E371B /* WidgetViews.swift */,
				A053CFFE2E6626BF004E371B /* Chet */,
				A053D00F2E6626C0004E371B /* ChetTests */,
				A053D0192E6626C0004E371B /* ChetUITests */,
				A053D0452E662787004E371B /* RandomShabadWidget */,
				A053D0662E6654FF004E371B /* HukamnamaWidget */,
				A053D0912E666D47004E371B /* FavShabadsWidget */,
				A053D0402E662787004E371B /* Frameworks */,
				A053CFFD2E6626BF004E371B /* Products */,
			);
			sourceTree = "<group>";
		};
		A053CFFD2E6626BF004E371B /* Products */ = {
			isa = PBXGroup;
			children = (
				A053CFFC2E6626BF004E371B /* Chet.app */,
				A053D00C2E6626C0004E371B /* ChetTests.xctest */,
				A053D0162E6626C0004E371B /* ChetUITests.xctest */,
				A053D03F2E662787004E371B /* RandomShabadWidgetExtension.appex */,
				A053D0632E6654FF004E371B /* HukamnamaWidgetExtension.appex */,
				A053D08E2E666D47004E371B /* FavShabadsWidgetExtension.appex */,
			);
			name = Products;
			sourceTree = "<group>";
		};
		A053D0402E662787004E371B /* Frameworks */ = {
			isa = PBXGroup;
			children = (
				A053D0412E662787004E371B /* WidgetKit.framework */,
				A053D0432E662787004E371B /* SwiftUI.framework */,
			);
			name = Frameworks;
			sourceTree = "<group>";
		};
/* End PBXGroup section */

/* Begin PBXNativeTarget section */
		A053CFFB2E6626BF004E371B /* Chet */ = {
			isa = PBXNativeTarget;
			buildConfigurationList = A053D0202E6626C0004E371B /* Build configuration list for PBXNativeTarget "Chet" */;
			buildPhases = (
				A053CFF82E6626BF004E371B /* Sources */,
				A053CFF92E6626BF004E371B /* Frameworks */,
				A053CFFA2E6626BF004E371B /* Resources */,
				A053D0542E662789004E371B /* Embed Foundation Extensions */,
			);
			buildRules = (
			);
			dependencies = (
				A053D04E2E662789004E371B /* PBXTargetDependency */,
				A053D06F2E665500004E371B /* PBXTargetDependency */,
				A053D09A2E666D48004E371B /* PBXTargetDependency */,
			);
			fileSystemSynchronizedGroups = (
				A053CFFE2E6626BF004E371B /* Chet */,
				A053D18B2E7491CF004E371B /* Fonts */,
			);
			name = Chet;
			packageProductDependencies = (
			);
			productName = Chet;
			productReference = A053CFFC2E6626BF004E371B /* Chet.app */;
			productType = "com.apple.product-type.application";
		};
		A053D00B2E6626C0004E371B /* ChetTests */ = {
			isa = PBXNativeTarget;
			buildConfigurationList = A053D0232E6626C0004E371B /* Build configuration list for PBXNativeTarget "ChetTests" */;
			buildPhases = (
				A053D0082E6626C0004E371B /* Sources */,
				A053D0092E6626C0004E371B /* Frameworks */,
				A053D00A2E6626C0004E371B /* Resources */,
			);
			buildRules = (
			);
			dependencies = (
				A053D00E2E6626C0004E371B /* PBXTargetDependency */,
			);
			fileSystemSynchronizedGroups = (
				A053D00F2E6626C0004E371B /* ChetTests */,
			);
			name = ChetTests;
			packageProductDependencies = (
			);
			productName = ChetTests;
			productReference = A053D00C2E6626C0004E371B /* ChetTests.xctest */;
			productType = "com.apple.product-type.bundle.unit-test";
		};
		A053D0152E6626C0004E371B /* ChetUITests */ = {
			isa = PBXNativeTarget;
			buildConfigurationList = A053D0262E6626C0004E371B /* Build configuration list for PBXNativeTarget "ChetUITests" */;
			buildPhases = (
				A053D0122E6626C0004E371B /* Sources */,
				A053D0132E6626C0004E371B /* Frameworks */,
				A053D0142E6626C0004E371B /* Resources */,
			);
			buildRules = (
			);
			dependencies = (
				A053D0182E6626C0004E371B /* PBXTargetDependency */,
			);
			fileSystemSynchronizedGroups = (
				A053D0192E6626C0004E371B /* ChetUITests */,
			);
			name = ChetUITests;
			packageProductDependencies = (
			);
			productName = ChetUITests;
			productReference = A053D0162E6626C0004E371B /* ChetUITests.xctest */;
			productType = "com.apple.product-type.bundle.ui-testing";
		};
		A053D03E2E662787004E371B /* RandomShabadWidgetExtension */ = {
			isa = PBXNativeTarget;
			buildConfigurationList = A053D0512E662789004E371B /* Build configuration list for PBXNativeTarget "RandomShabadWidgetExtension" */;
			buildPhases = (
				A053D03B2E662787004E371B /* Sources */,
				A053D03C2E662787004E371B /* Frameworks */,
				A053D03D2E662787004E371B /* Resources */,
			);
			buildRules = (
			);
			dependencies = (
			);
			fileSystemSynchronizedGroups = (
				A053D0452E662787004E371B /* RandomShabadWidget */,
				A053D18B2E7491CF004E371B /* Fonts */,
			);
			name = RandomShabadWidgetExtension;
			packageProductDependencies = (
			);
			productName = RandomShabadWidgetExtension;
			productReference = A053D03F2E662787004E371B /* RandomShabadWidgetExtension.appex */;
			productType = "com.apple.product-type.app-extension";
		};
		A053D0622E6654FF004E371B /* HukamnamaWidgetExtension */ = {
			isa = PBXNativeTarget;
			buildConfigurationList = A053D0722E665500004E371B /* Build configuration list for PBXNativeTarget "HukamnamaWidgetExtension" */;
			buildPhases = (
				A053D05F2E6654FF004E371B /* Sources */,
				A053D0602E6654FF004E371B /* Frameworks */,
				A053D0612E6654FF004E371B /* Resources */,
			);
			buildRules = (
			);
			dependencies = (
			);
			fileSystemSynchronizedGroups = (
				A053D0662E6654FF004E371B /* HukamnamaWidget */,
				A053D18B2E7491CF004E371B /* Fonts */,
			);
			name = HukamnamaWidgetExtension;
			packageProductDependencies = (
			);
			productName = HukamnamaWidgetExtension;
			productReference = A053D0632E6654FF004E371B /* HukamnamaWidgetExtension.appex */;
			productType = "com.apple.product-type.app-extension";
		};
		A053D08D2E666D47004E371B /* FavShabadsWidgetExtension */ = {
			isa = PBXNativeTarget;
			buildConfigurationList = A053D09D2E666D48004E371B /* Build configuration list for PBXNativeTarget "FavShabadsWidgetExtension" */;
			buildPhases = (
				A053D08A2E666D47004E371B /* Sources */,
				A053D08B2E666D47004E371B /* Frameworks */,
				A053D08C2E666D47004E371B /* Resources */,
			);
			buildRules = (
			);
			dependencies = (
			);
			fileSystemSynchronizedGroups = (
				A053D0912E666D47004E371B /* FavShabadsWidget */,
				A053D18B2E7491CF004E371B /* Fonts */,
			);
			name = FavShabadsWidgetExtension;
			packageProductDependencies = (
			);
			productName = FavShabadsWidgetExtension;
			productReference = A053D08E2E666D47004E371B /* FavShabadsWidgetExtension.appex */;
			productType = "com.apple.product-type.app-extension";
		};
/* End PBXNativeTarget section */

/* Begin PBXProject section */
		A053CFF42E6626BF004E371B /* Project object */ = {
			isa = PBXProject;
			attributes = {
				BuildIndependentTargetsInParallel = 1;
				LastSwiftUpdateCheck = 1600;
				LastUpgradeCheck = 1600;
				TargetAttributes = {
					A053CFFB2E6626BF004E371B = {
						CreatedOnToolsVersion = 16.0;
					};
					A053D00B2E6626C0004E371B = {
						CreatedOnToolsVersion = 16.0;
						TestTargetID = A053CFFB2E6626BF004E371B;
					};
					A053D0152E6626C0004E371B = {
						CreatedOnToolsVersion = 16.0;
						TestTargetID = A053CFFB2E6626BF004E371B;
					};
					A053D03E2E662787004E371B = {
						CreatedOnToolsVersion = 16.0;
					};
					A053D0622E6654FF004E371B = {
						CreatedOnToolsVersion = 16.0;
					};
					A053D08D2E666D47004E371B = {
						CreatedOnToolsVersion = 16.0;
					};
				};
			};
			buildConfigurationList = A053CFF72E6626BF004E371B /* Build configuration list for PBXProject "Chet" */;
			developmentRegion = en;
			hasScannedForEncodings = 0;
			knownRegions = (
				en,
				Base,
			);
			mainGroup = A053CFF32E6626BF004E371B;
			minimizedProjectReferenceProxies = 1;
			preferredProjectObjectVersion = 77;
			productRefGroup = A053CFFD2E6626BF004E371B /* Products */;
			projectDirPath = "";
			projectRoot = "";
			targets = (
				A053CFFB2E6626BF004E371B /* Chet */,
				A053D00B2E6626C0004E371B /* ChetTests */,
				A053D0152E6626C0004E371B /* ChetUITests */,
				A053D03E2E662787004E371B /* RandomShabadWidgetExtension */,
				A053D0622E6654FF004E371B /* HukamnamaWidgetExtension */,
				A053D08D2E666D47004E371B /* FavShabadsWidgetExtension */,
			);
		};
/* End PBXProject section */

/* Begin PBXResourcesBuildPhase section */
		A053CFFA2E6626BF004E371B /* Resources */ = {
			isa = PBXResourcesBuildPhase;
			buildActionMask = 2147483647;
			files = (
			);
			runOnlyForDeploymentPostprocessing = 0;
		};
		A053D00A2E6626C0004E371B /* Resources */ = {
			isa = PBXResourcesBuildPhase;
			buildActionMask = 2147483647;
			files = (
			);
			runOnlyForDeploymentPostprocessing = 0;
		};
		A053D0142E6626C0004E371B /* Resources */ = {
			isa = PBXResourcesBuildPhase;
			buildActionMask = 2147483647;
			files = (
			);
			runOnlyForDeploymentPostprocessing = 0;
		};
		A053D03D2E662787004E371B /* Resources */ = {
			isa = PBXResourcesBuildPhase;
			buildActionMask = 2147483647;
			files = (
			);
			runOnlyForDeploymentPostprocessing = 0;
		};
		A053D0612E6654FF004E371B /* Resources */ = {
			isa = PBXResourcesBuildPhase;
			buildActionMask = 2147483647;
			files = (
			);
			runOnlyForDeploymentPostprocessing = 0;
		};
		A053D08C2E666D47004E371B /* Resources */ = {
			isa = PBXResourcesBuildPhase;
			buildActionMask = 2147483647;
			files = (
			);
			runOnlyForDeploymentPostprocessing = 0;
		};
/* End PBXResourcesBuildPhase section */

/* Begin PBXSourcesBuildPhase section */
		A053CFF82E6626BF004E371B /* Sources */ = {
			isa = PBXSourcesBuildPhase;
			buildActionMask = 2147483647;
			files = (
				A053D0852E665D2E004E371B /* WidgetViews.swift in Sources */,
			);
			runOnlyForDeploymentPostprocessing = 0;
		};
		A053D0082E6626C0004E371B /* Sources */ = {
			isa = PBXSourcesBuildPhase;
			buildActionMask = 2147483647;
			files = (
			);
			runOnlyForDeploymentPostprocessing = 0;
		};
		A053D0122E6626C0004E371B /* Sources */ = {
			isa = PBXSourcesBuildPhase;
			buildActionMask = 2147483647;
			files = (
			);
			runOnlyForDeploymentPostprocessing = 0;
		};
		A053D03B2E662787004E371B /* Sources */ = {
			isa = PBXSourcesBuildPhase;
			buildActionMask = 2147483647;
			files = (
				A053D0842E665D2E004E371B /* WidgetViews.swift in Sources */,
			);
			runOnlyForDeploymentPostprocessing = 0;
		};
		A053D05F2E6654FF004E371B /* Sources */ = {
			isa = PBXSourcesBuildPhase;
			buildActionMask = 2147483647;
			files = (
				A053D0862E665D2E004E371B /* WidgetViews.swift in Sources */,
			);
			runOnlyForDeploymentPostprocessing = 0;
		};
		A053D08A2E666D47004E371B /* Sources */ = {
			isa = PBXSourcesBuildPhase;
			buildActionMask = 2147483647;
			files = (
				A053D0A02E666DDD004E371B /* WidgetViews.swift in Sources */,
			);
			runOnlyForDeploymentPostprocessing = 0;
		};
/* End PBXSourcesBuildPhase section */

/* Begin PBXTargetDependency section */
		A053D00E2E6626C0004E371B /* PBXTargetDependency */ = {
			isa = PBXTargetDependency;
			target = A053CFFB2E6626BF004E371B /* Chet */;
			targetProxy = A053D00D2E6626C0004E371B /* PBXContainerItemProxy */;
		};
		A053D0182E6626C0004E371B /* PBXTargetDependency */ = {
			isa = PBXTargetDependency;
			target = A053CFFB2E6626BF004E371B /* Chet */;
			targetProxy = A053D0172E6626C0004E371B /* PBXContainerItemProxy */;
		};
		A053D04E2E662789004E371B /* PBXTargetDependency */ = {
			isa = PBXTargetDependency;
			target = A053D03E2E662787004E371B /* RandomShabadWidgetExtension */;
			targetProxy = A053D04D2E662789004E371B /* PBXContainerItemProxy */;
		};
		A053D06F2E665500004E371B /* PBXTargetDependency */ = {
			isa = PBXTargetDependency;
			target = A053D0622E6654FF004E371B /* HukamnamaWidgetExtension */;
			targetProxy = A053D06E2E665500004E371B /* PBXContainerItemProxy */;
		};
		A053D09A2E666D48004E371B /* PBXTargetDependency */ = {
			isa = PBXTargetDependency;
			target = A053D08D2E666D47004E371B /* FavShabadsWidgetExtension */;
			targetProxy = A053D0992E666D48004E371B /* PBXContainerItemProxy */;
		};
/* End PBXTargetDependency section */

/* Begin XCBuildConfiguration section */
		A053D01E2E6626C0004E371B /* Debug */ = {
			isa = XCBuildConfiguration;
			buildSettings = {
				ALWAYS_SEARCH_USER_PATHS = NO;
				ASSETCATALOG_COMPILER_GENERATE_SWIFT_ASSET_SYMBOL_EXTENSIONS = YES;
				CLANG_ANALYZER_NONNULL = YES;
				CLANG_ANALYZER_NUMBER_OBJECT_CONVERSION = YES_AGGRESSIVE;
				CLANG_CXX_LANGUAGE_STANDARD = "gnu++20";
				CLANG_ENABLE_MODULES = YES;
				CLANG_ENABLE_OBJC_ARC = YES;
				CLANG_ENABLE_OBJC_WEAK = YES;
				CLANG_WARN_BLOCK_CAPTURE_AUTORELEASING = YES;
				CLANG_WARN_BOOL_CONVERSION = YES;
				CLANG_WARN_COMMA = YES;
				CLANG_WARN_CONSTANT_CONVERSION = YES;
				CLANG_WARN_DEPRECATED_OBJC_IMPLEMENTATIONS = YES;
				CLANG_WARN_DIRECT_OBJC_ISA_USAGE = YES_ERROR;
				CLANG_WARN_DOCUMENTATION_COMMENTS = YES;
				CLANG_WARN_EMPTY_BODY = YES;
				CLANG_WARN_ENUM_CONVERSION = YES;
				CLANG_WARN_INFINITE_RECURSION = YES;
				CLANG_WARN_INT_CONVERSION = YES;
				CLANG_WARN_NON_LITERAL_NULL_CONVERSION = YES;
				CLANG_WARN_OBJC_IMPLICIT_RETAIN_SELF = YES;
				CLANG_WARN_OBJC_LITERAL_CONVERSION = YES;
				CLANG_WARN_OBJC_ROOT_CLASS = YES_ERROR;
				CLANG_WARN_QUOTED_INCLUDE_IN_FRAMEWORK_HEADER = YES;
				CLANG_WARN_RANGE_LOOP_ANALYSIS = YES;
				CLANG_WARN_STRICT_PROTOTYPES = YES;
				CLANG_WARN_SUSPICIOUS_MOVE = YES;
				CLANG_WARN_UNGUARDED_AVAILABILITY = YES_AGGRESSIVE;
				CLANG_WARN_UNREACHABLE_CODE = YES;
				CLANG_WARN__DUPLICATE_METHOD_MATCH = YES;
				COPY_PHASE_STRIP = NO;
				DEBUG_INFORMATION_FORMAT = dwarf;
				ENABLE_STRICT_OBJC_MSGSEND = YES;
				ENABLE_TESTABILITY = YES;
				ENABLE_USER_SCRIPT_SANDBOXING = YES;
				GCC_C_LANGUAGE_STANDARD = gnu17;
				GCC_DYNAMIC_NO_PIC = NO;
				GCC_NO_COMMON_BLOCKS = YES;
				GCC_OPTIMIZATION_LEVEL = 0;
				GCC_PREPROCESSOR_DEFINITIONS = (
					"DEBUG=1",
					"$(inherited)",
				);
				GCC_WARN_64_TO_32_BIT_CONVERSION = YES;
				GCC_WARN_ABOUT_RETURN_TYPE = YES_ERROR;
				GCC_WARN_UNDECLARED_SELECTOR = YES;
				GCC_WARN_UNINITIALIZED_AUTOS = YES_AGGRESSIVE;
				GCC_WARN_UNUSED_FUNCTION = YES;
				GCC_WARN_UNUSED_VARIABLE = YES;
				IPHONEOS_DEPLOYMENT_TARGET = 18.0;
				LOCALIZATION_PREFERS_STRING_CATALOGS = YES;
				MTL_ENABLE_DEBUG_INFO = INCLUDE_SOURCE;
				MTL_FAST_MATH = YES;
				ONLY_ACTIVE_ARCH = YES;
				SDKROOT = iphoneos;
				SWIFT_ACTIVE_COMPILATION_CONDITIONS = "DEBUG $(inherited)";
				SWIFT_OPTIMIZATION_LEVEL = "-Onone";
			};
			name = Debug;
		};
		A053D01F2E6626C0004E371B /* Release */ = {
			isa = XCBuildConfiguration;
			buildSettings = {
				ALWAYS_SEARCH_USER_PATHS = NO;
				ASSETCATALOG_COMPILER_GENERATE_SWIFT_ASSET_SYMBOL_EXTENSIONS = YES;
				CLANG_ANALYZER_NONNULL = YES;
				CLANG_ANALYZER_NUMBER_OBJECT_CONVERSION = YES_AGGRESSIVE;
				CLANG_CXX_LANGUAGE_STANDARD = "gnu++20";
				CLANG_ENABLE_MODULES = YES;
				CLANG_ENABLE_OBJC_ARC = YES;
				CLANG_ENABLE_OBJC_WEAK = YES;
				CLANG_WARN_BLOCK_CAPTURE_AUTORELEASING = YES;
				CLANG_WARN_BOOL_CONVERSION = YES;
				CLANG_WARN_COMMA = YES;
				CLANG_WARN_CONSTANT_CONVERSION = YES;
				CLANG_WARN_DEPRECATED_OBJC_IMPLEMENTATIONS = YES;
				CLANG_WARN_DIRECT_OBJC_ISA_USAGE = YES_ERROR;
				CLANG_WARN_DOCUMENTATION_COMMENTS = YES;
				CLANG_WARN_EMPTY_BODY = YES;
				CLANG_WARN_ENUM_CONVERSION = YES;
				CLANG_WARN_INFINITE_RECURSION = YES;
				CLANG_WARN_INT_CONVERSION = YES;
				CLANG_WARN_NON_LITERAL_NULL_CONVERSION = YES;
				CLANG_WARN_OBJC_IMPLICIT_RETAIN_SELF = YES;
				CLANG_WARN_OBJC_LITERAL_CONVERSION = YES;
				CLANG_WARN_OBJC_ROOT_CLASS = YES_ERROR;
				CLANG_WARN_QUOTED_INCLUDE_IN_FRAMEWORK_HEADER = YES;
				CLANG_WARN_RANGE_LOOP_ANALYSIS = YES;
				CLANG_WARN_STRICT_PROTOTYPES = YES;
				CLANG_WARN_SUSPICIOUS_MOVE = YES;
				CLANG_WARN_UNGUARDED_AVAILABILITY = YES_AGGRESSIVE;
				CLANG_WARN_UNREACHABLE_CODE = YES;
				CLANG_WARN__DUPLICATE_METHOD_MATCH = YES;
				COPY_PHASE_STRIP = NO;
				DEBUG_INFORMATION_FORMAT = "dwarf-with-dsym";
				ENABLE_NS_ASSERTIONS = NO;
				ENABLE_STRICT_OBJC_MSGSEND = YES;
				ENABLE_USER_SCRIPT_SANDBOXING = YES;
				GCC_C_LANGUAGE_STANDARD = gnu17;
				GCC_NO_COMMON_BLOCKS = YES;
				GCC_WARN_64_TO_32_BIT_CONVERSION = YES;
				GCC_WARN_ABOUT_RETURN_TYPE = YES_ERROR;
				GCC_WARN_UNDECLARED_SELECTOR = YES;
				GCC_WARN_UNINITIALIZED_AUTOS = YES_AGGRESSIVE;
				GCC_WARN_UNUSED_FUNCTION = YES;
				GCC_WARN_UNUSED_VARIABLE = YES;
				IPHONEOS_DEPLOYMENT_TARGET = 18.0;
				LOCALIZATION_PREFERS_STRING_CATALOGS = YES;
				MTL_ENABLE_DEBUG_INFO = NO;
				MTL_FAST_MATH = YES;
				SDKROOT = iphoneos;
				SWIFT_COMPILATION_MODE = wholemodule;
				VALIDATE_PRODUCT = YES;
			};
			name = Release;
		};
		A053D0212E6626C0004E371B /* Debug */ = {
			isa = XCBuildConfiguration;
			buildSettings = {
				ASSETCATALOG_COMPILER_APPICON_NAME = AppIcon;
				ASSETCATALOG_COMPILER_GLOBAL_ACCENT_COLOR_NAME = AccentColor;
				CODE_SIGN_ENTITLEMENTS = Chet/Chet.entitlements;
				CODE_SIGN_STYLE = Automatic;
				CURRENT_PROJECT_VERSION = 2;
				DEVELOPMENT_ASSET_PATHS = "\"Chet/Preview Content\"";
				DEVELOPMENT_TEAM = UXX67B9ASA;
				ENABLE_PREVIEWS = YES;
				GENERATE_INFOPLIST_FILE = YES;
				INFOPLIST_FILE = Chet/Info.plist;
				INFOPLIST_KEY_CFBundleDisplayName = "";
				INFOPLIST_KEY_LSApplicationCategoryType = "";
				INFOPLIST_KEY_UIApplicationSceneManifest_Generation = YES;
				INFOPLIST_KEY_UIApplicationSupportsIndirectInputEvents = YES;
				INFOPLIST_KEY_UILaunchScreen_Generation = YES;
				INFOPLIST_KEY_UISupportedInterfaceOrientations_iPad = "UIInterfaceOrientationPortrait UIInterfaceOrientationPortraitUpsideDown UIInterfaceOrientationLandscapeLeft UIInterfaceOrientationLandscapeRight";
				INFOPLIST_KEY_UISupportedInterfaceOrientations_iPhone = "UIInterfaceOrientationPortrait UIInterfaceOrientationLandscapeLeft UIInterfaceOrientationLandscapeRight";
				LD_RUNPATH_SEARCH_PATHS = (
					"$(inherited)",
					"@executable_path/Frameworks",
				);
				MARKETING_VERSION = 1.0.0;
				PRODUCT_BUNDLE_IDENTIFIER = xyz.gians.Chet;
				PRODUCT_NAME = "$(TARGET_NAME)";
				SWIFT_EMIT_LOC_STRINGS = YES;
				SWIFT_VERSION = 5.0;
				TARGETED_DEVICE_FAMILY = "1,2";
			};
			name = Debug;
		};
		A053D0222E6626C0004E371B /* Release */ = {
			isa = XCBuildConfiguration;
			buildSettings = {
				ASSETCATALOG_COMPILER_APPICON_NAME = AppIcon;
				ASSETCATALOG_COMPILER_GLOBAL_ACCENT_COLOR_NAME = AccentColor;
				CODE_SIGN_ENTITLEMENTS = Chet/Chet.entitlements;
				CODE_SIGN_STYLE = Automatic;
				CURRENT_PROJECT_VERSION = 2;
				DEVELOPMENT_ASSET_PATHS = "\"Chet/Preview Content\"";
				DEVELOPMENT_TEAM = UXX67B9ASA;
				ENABLE_PREVIEWS = YES;
				GENERATE_INFOPLIST_FILE = YES;
				INFOPLIST_FILE = Chet/Info.plist;
				INFOPLIST_KEY_CFBundleDisplayName = "";
				INFOPLIST_KEY_LSApplicationCategoryType = "";
				INFOPLIST_KEY_UIApplicationSceneManifest_Generation = YES;
				INFOPLIST_KEY_UIApplicationSupportsIndirectInputEvents = YES;
				INFOPLIST_KEY_UILaunchScreen_Generation = YES;
				INFOPLIST_KEY_UISupportedInterfaceOrientations_iPad = "UIInterfaceOrientationPortrait UIInterfaceOrientationPortraitUpsideDown UIInterfaceOrientationLandscapeLeft UIInterfaceOrientationLandscapeRight";
				INFOPLIST_KEY_UISupportedInterfaceOrientations_iPhone = "UIInterfaceOrientationPortrait UIInterfaceOrientationLandscapeLeft UIInterfaceOrientationLandscapeRight";
				LD_RUNPATH_SEARCH_PATHS = (
					"$(inherited)",
					"@executable_path/Frameworks",
				);
				MARKETING_VERSION = 1.0.0;
				PRODUCT_BUNDLE_IDENTIFIER = xyz.gians.Chet;
				PRODUCT_NAME = "$(TARGET_NAME)";
				SWIFT_EMIT_LOC_STRINGS = YES;
				SWIFT_VERSION = 5.0;
				TARGETED_DEVICE_FAMILY = "1,2";
			};
			name = Release;
		};
		A053D0242E6626C0004E371B /* Debug */ = {
			isa = XCBuildConfiguration;
			buildSettings = {
				BUNDLE_LOADER = "$(TEST_HOST)";
				CODE_SIGN_STYLE = Automatic;
				CURRENT_PROJECT_VERSION = 1;
				DEVELOPMENT_TEAM = UXX67B9ASA;
				GENERATE_INFOPLIST_FILE = YES;
				IPHONEOS_DEPLOYMENT_TARGET = 18.0;
				MARKETING_VERSION = 1.0;
				PRODUCT_BUNDLE_IDENTIFIER = xyz.gians.ChetTests;
				PRODUCT_NAME = "$(TARGET_NAME)";
				SWIFT_EMIT_LOC_STRINGS = NO;
				SWIFT_VERSION = 5.0;
				TARGETED_DEVICE_FAMILY = "1,2";
				TEST_HOST = "$(BUILT_PRODUCTS_DIR)/Chet.app/$(BUNDLE_EXECUTABLE_FOLDER_PATH)/Chet";
			};
			name = Debug;
		};
		A053D0252E6626C0004E371B /* Release */ = {
			isa = XCBuildConfiguration;
			buildSettings = {
				BUNDLE_LOADER = "$(TEST_HOST)";
				CODE_SIGN_STYLE = Automatic;
				CURRENT_PROJECT_VERSION = 1;
				DEVELOPMENT_TEAM = UXX67B9ASA;
				GENERATE_INFOPLIST_FILE = YES;
				IPHONEOS_DEPLOYMENT_TARGET = 18.0;
				MARKETING_VERSION = 1.0;
				PRODUCT_BUNDLE_IDENTIFIER = xyz.gians.ChetTests;
				PRODUCT_NAME = "$(TARGET_NAME)";
				SWIFT_EMIT_LOC_STRINGS = NO;
				SWIFT_VERSION = 5.0;
				TARGETED_DEVICE_FAMILY = "1,2";
				TEST_HOST = "$(BUILT_PRODUCTS_DIR)/Chet.app/$(BUNDLE_EXECUTABLE_FOLDER_PATH)/Chet";
			};
			name = Release;
		};
		A053D0272E6626C0004E371B /* Debug */ = {
			isa = XCBuildConfiguration;
			buildSettings = {
				CODE_SIGN_STYLE = Automatic;
				CURRENT_PROJECT_VERSION = 1;
				DEVELOPMENT_TEAM = UXX67B9ASA;
				GENERATE_INFOPLIST_FILE = YES;
				MARKETING_VERSION = 1.0;
				PRODUCT_BUNDLE_IDENTIFIER = xyz.gians.ChetUITests;
				PRODUCT_NAME = "$(TARGET_NAME)";
				SWIFT_EMIT_LOC_STRINGS = NO;
				SWIFT_VERSION = 5.0;
				TARGETED_DEVICE_FAMILY = "1,2";
				TEST_TARGET_NAME = Chet;
			};
			name = Debug;
		};
		A053D0282E6626C0004E371B /* Release */ = {
			isa = XCBuildConfiguration;
			buildSettings = {
				CODE_SIGN_STYLE = Automatic;
				CURRENT_PROJECT_VERSION = 1;
				DEVELOPMENT_TEAM = UXX67B9ASA;
				GENERATE_INFOPLIST_FILE = YES;
				MARKETING_VERSION = 1.0;
				PRODUCT_BUNDLE_IDENTIFIER = xyz.gians.ChetUITests;
				PRODUCT_NAME = "$(TARGET_NAME)";
				SWIFT_EMIT_LOC_STRINGS = NO;
				SWIFT_VERSION = 5.0;
				TARGETED_DEVICE_FAMILY = "1,2";
				TEST_TARGET_NAME = Chet;
			};
			name = Release;
		};
		A053D0522E662789004E371B /* Debug */ = {
			isa = XCBuildConfiguration;
			buildSettings = {
				ASSETCATALOG_COMPILER_GLOBAL_ACCENT_COLOR_NAME = AccentColor;
				ASSETCATALOG_COMPILER_WIDGET_BACKGROUND_COLOR_NAME = WidgetBackground;
				CODE_SIGN_ENTITLEMENTS = RandomShabadWidgetExtension.entitlements;
				CODE_SIGN_STYLE = Automatic;
				CURRENT_PROJECT_VERSION = 1;
				DEVELOPMENT_TEAM = UXX67B9ASA;
				GENERATE_INFOPLIST_FILE = YES;
				INFOPLIST_FILE = RandomShabadWidget/Info.plist;
				INFOPLIST_KEY_CFBundleDisplayName = RandomShabadWidget;
				INFOPLIST_KEY_NSHumanReadableCopyright = "";
				LD_RUNPATH_SEARCH_PATHS = (
					"$(inherited)",
					"@executable_path/Frameworks",
					"@executable_path/../../Frameworks",
				);
				MARKETING_VERSION = 1.0;
				PRODUCT_BUNDLE_IDENTIFIER = xyz.gians.Chet.RandomShabadWidget;
				PRODUCT_NAME = "$(TARGET_NAME)";
				SKIP_INSTALL = YES;
				SWIFT_EMIT_LOC_STRINGS = YES;
				SWIFT_VERSION = 5.0;
				TARGETED_DEVICE_FAMILY = "1,2";
			};
			name = Debug;
		};
		A053D0532E662789004E371B /* Release */ = {
			isa = XCBuildConfiguration;
			buildSettings = {
				ASSETCATALOG_COMPILER_GLOBAL_ACCENT_COLOR_NAME = AccentColor;
				ASSETCATALOG_COMPILER_WIDGET_BACKGROUND_COLOR_NAME = WidgetBackground;
				CODE_SIGN_ENTITLEMENTS = RandomShabadWidgetExtension.entitlements;
				CODE_SIGN_STYLE = Automatic;
				CURRENT_PROJECT_VERSION = 1;
				DEVELOPMENT_TEAM = UXX67B9ASA;
				GENERATE_INFOPLIST_FILE = YES;
				INFOPLIST_FILE = RandomShabadWidget/Info.plist;
				INFOPLIST_KEY_CFBundleDisplayName = RandomShabadWidget;
				INFOPLIST_KEY_NSHumanReadableCopyright = "";
				LD_RUNPATH_SEARCH_PATHS = (
					"$(inherited)",
					"@executable_path/Frameworks",
					"@executable_path/../../Frameworks",
				);
				MARKETING_VERSION = 1.0;
				PRODUCT_BUNDLE_IDENTIFIER = xyz.gians.Chet.RandomShabadWidget;
				PRODUCT_NAME = "$(TARGET_NAME)";
				SKIP_INSTALL = YES;
				SWIFT_EMIT_LOC_STRINGS = YES;
				SWIFT_VERSION = 5.0;
				TARGETED_DEVICE_FAMILY = "1,2";
			};
			name = Release;
		};
		A053D0732E665500004E371B /* Debug */ = {
			isa = XCBuildConfiguration;
			buildSettings = {
				ASSETCATALOG_COMPILER_GLOBAL_ACCENT_COLOR_NAME = AccentColor;
				ASSETCATALOG_COMPILER_WIDGET_BACKGROUND_COLOR_NAME = WidgetBackground;
				CODE_SIGN_STYLE = Automatic;
				CURRENT_PROJECT_VERSION = 1;
				DEVELOPMENT_TEAM = UXX67B9ASA;
				GENERATE_INFOPLIST_FILE = YES;
				INFOPLIST_FILE = HukamnamaWidget/Info.plist;
				INFOPLIST_KEY_CFBundleDisplayName = HukamnamaWidget;
				INFOPLIST_KEY_NSHumanReadableCopyright = "";
				LD_RUNPATH_SEARCH_PATHS = (
					"$(inherited)",
					"@executable_path/Frameworks",
					"@executable_path/../../Frameworks",
				);
				MARKETING_VERSION = 1.0;
				PRODUCT_BUNDLE_IDENTIFIER = xyz.gians.Chet.HukamnamaWidget;
				PRODUCT_NAME = "$(TARGET_NAME)";
				SKIP_INSTALL = YES;
				SWIFT_EMIT_LOC_STRINGS = YES;
				SWIFT_VERSION = 5.0;
				TARGETED_DEVICE_FAMILY = "1,2";
			};
			name = Debug;
		};
		A053D0742E665500004E371B /* Release */ = {
			isa = XCBuildConfiguration;
			buildSettings = {
				ASSETCATALOG_COMPILER_GLOBAL_ACCENT_COLOR_NAME = AccentColor;
				ASSETCATALOG_COMPILER_WIDGET_BACKGROUND_COLOR_NAME = WidgetBackground;
				CODE_SIGN_STYLE = Automatic;
				CURRENT_PROJECT_VERSION = 1;
				DEVELOPMENT_TEAM = UXX67B9ASA;
				GENERATE_INFOPLIST_FILE = YES;
				INFOPLIST_FILE = HukamnamaWidget/Info.plist;
				INFOPLIST_KEY_CFBundleDisplayName = HukamnamaWidget;
				INFOPLIST_KEY_NSHumanReadableCopyright = "";
				LD_RUNPATH_SEARCH_PATHS = (
					"$(inherited)",
					"@executable_path/Frameworks",
					"@executable_path/../../Frameworks",
				);
				MARKETING_VERSION = 1.0;
				PRODUCT_BUNDLE_IDENTIFIER = xyz.gians.Chet.HukamnamaWidget;
				PRODUCT_NAME = "$(TARGET_NAME)";
				SKIP_INSTALL = YES;
				SWIFT_EMIT_LOC_STRINGS = YES;
				SWIFT_VERSION = 5.0;
				TARGETED_DEVICE_FAMILY = "1,2";
			};
			name = Release;
		};
		A053D09E2E666D48004E371B /* Debug */ = {
			isa = XCBuildConfiguration;
			buildSettings = {
				ASSETCATALOG_COMPILER_GLOBAL_ACCENT_COLOR_NAME = AccentColor;
				ASSETCATALOG_COMPILER_WIDGET_BACKGROUND_COLOR_NAME = WidgetBackground;
				CODE_SIGN_ENTITLEMENTS = FavShabadsWidgetExtension.entitlements;
				CODE_SIGN_STYLE = Automatic;
				CURRENT_PROJECT_VERSION = 1;
				DEVELOPMENT_TEAM = UXX67B9ASA;
				GENERATE_INFOPLIST_FILE = YES;
				INFOPLIST_FILE = FavShabadsWidget/Info.plist;
				INFOPLIST_KEY_CFBundleDisplayName = FavShabadsWidget;
				INFOPLIST_KEY_NSHumanReadableCopyright = "";
				LD_RUNPATH_SEARCH_PATHS = (
					"$(inherited)",
					"@executable_path/Frameworks",
					"@executable_path/../../Frameworks",
				);
				MARKETING_VERSION = 1.0;
				PRODUCT_BUNDLE_IDENTIFIER = xyz.gians.Chet.FavShabadsWidget;
				PRODUCT_NAME = "$(TARGET_NAME)";
				SKIP_INSTALL = YES;
				SWIFT_EMIT_LOC_STRINGS = YES;
				SWIFT_VERSION = 5.0;
				TARGETED_DEVICE_FAMILY = "1,2";
			};
			name = Debug;
		};
		A053D09F2E666D48004E371B /* Release */ = {
			isa = XCBuildConfiguration;
			buildSettings = {
				ASSETCATALOG_COMPILER_GLOBAL_ACCENT_COLOR_NAME = AccentColor;
				ASSETCATALOG_COMPILER_WIDGET_BACKGROUND_COLOR_NAME = WidgetBackground;
				CODE_SIGN_ENTITLEMENTS = FavShabadsWidgetExtension.entitlements;
				CODE_SIGN_STYLE = Automatic;
				CURRENT_PROJECT_VERSION = 1;
				DEVELOPMENT_TEAM = UXX67B9ASA;
				GENERATE_INFOPLIST_FILE = YES;
				INFOPLIST_FILE = FavShabadsWidget/Info.plist;
				INFOPLIST_KEY_CFBundleDisplayName = FavShabadsWidget;
				INFOPLIST_KEY_NSHumanReadableCopyright = "";
				LD_RUNPATH_SEARCH_PATHS = (
					"$(inherited)",
					"@executable_path/Frameworks",
					"@executable_path/../../Frameworks",
				);
				MARKETING_VERSION = 1.0;
				PRODUCT_BUNDLE_IDENTIFIER = xyz.gians.Chet.FavShabadsWidget;
				PRODUCT_NAME = "$(TARGET_NAME)";
				SKIP_INSTALL = YES;
				SWIFT_EMIT_LOC_STRINGS = YES;
				SWIFT_VERSION = 5.0;
				TARGETED_DEVICE_FAMILY = "1,2";
			};
			name = Release;
		};
/* End XCBuildConfiguration section */

/* Begin XCConfigurationList section */
		A053CFF72E6626BF004E371B /* Build configuration list for PBXProject "Chet" */ = {
			isa = XCConfigurationList;
			buildConfigurations = (
				A053D01E2E6626C0004E371B /* Debug */,
				A053D01F2E6626C0004E371B /* Release */,
			);
			defaultConfigurationIsVisible = 0;
			defaultConfigurationName = Release;
		};
		A053D0202E6626C0004E371B /* Build configuration list for PBXNativeTarget "Chet" */ = {
			isa = XCConfigurationList;
			buildConfigurations = (
				A053D0212E6626C0004E371B /* Debug */,
				A053D0222E6626C0004E371B /* Release */,
			);
			defaultConfigurationIsVisible = 0;
			defaultConfigurationName = Release;
		};
		A053D0232E6626C0004E371B /* Build configuration list for PBXNativeTarget "ChetTests" */ = {
			isa = XCConfigurationList;
			buildConfigurations = (
				A053D0242E6626C0004E371B /* Debug */,
				A053D0252E6626C0004E371B /* Release */,
			);
			defaultConfigurationIsVisible = 0;
			defaultConfigurationName = Release;
		};
		A053D0262E6626C0004E371B /* Build configuration list for PBXNativeTarget "ChetUITests" */ = {
			isa = XCConfigurationList;
			buildConfigurations = (
				A053D0272E6626C0004E371B /* Debug */,
				A053D0282E6626C0004E371B /* Release */,
			);
			defaultConfigurationIsVisible = 0;
			defaultConfigurationName = Release;
		};
		A053D0512E662789004E371B /* Build configuration list for PBXNativeTarget "RandomShabadWidgetExtension" */ = {
			isa = XCConfigurationList;
			buildConfigurations = (
				A053D0522E662789004E371B /* Debug */,
				A053D0532E662789004E371B /* Release */,
			);
			defaultConfigurationIsVisible = 0;
			defaultConfigurationName = Release;
		};
		A053D0722E665500004E371B /* Build configuration list for PBXNativeTarget "HukamnamaWidgetExtension" */ = {
			isa = XCConfigurationList;
			buildConfigurations = (
				A053D0732E665500004E371B /* Debug */,
				A053D0742E665500004E371B /* Release */,
			);
			defaultConfigurationIsVisible = 0;
			defaultConfigurationName = Release;
		};
		A053D09D2E666D48004E371B /* Build configuration list for PBXNativeTarget "FavShabadsWidgetExtension" */ = {
			isa = XCConfigurationList;
			buildConfigurations = (
				A053D09E2E666D48004E371B /* Debug */,
				A053D09F2E666D48004E371B /* Release */,
			);
			defaultConfigurationIsVisible = 0;
			defaultConfigurationName = Release;
		};
/* End XCConfigurationList section */
	};
	rootObject = A053CFF42E6626BF004E371B /* Project object */;
}
